// !$*UTF8*$!
{
	archiveVersion = 1;
	classes = {
	};
	objectVersion = 56;
	objects = {

/* Begin PBXBuildFile section */
		661F2F972C084A28004D12DB /* ConstructionEagleEyeApp.swift in Sources */ = {isa = PBXBuildFile; fileRef = 661F2F962C084A28004D12DB /* ConstructionEagleEyeApp.swift */; };
		661F2F992C084A28004D12DB /* ContentView.swift in Sources */ = {isa = PBXBuildFile; fileRef = 661F2F982C084A28004D12DB /* ContentView.swift */; };
		661F2F9B2C084A2B004D12DB /* Assets.xcassets in Resources */ = {isa = PBXBuildFile; fileRef = 661F2F9A2C084A2B004D12DB /* Assets.xcassets */; };
		661F2F9E2C084A2B004D12DB /* Preview Assets.xcassets in Resources */ = {isa = PBXBuildFile; fileRef = 661F2F9D2C084A2B004D12DB /* Preview Assets.xcassets */; };
		661F2FA82C084A2B004D12DB /* ConstructionEagleEyeTests.swift in Sources */ = {isa = PBXBuildFile; fileRef = 661F2FA72C084A2B004D12DB /* ConstructionEagleEyeTests.swift */; };
		661F2FB22C084A2B004D12DB /* ConstructionEagleEyeUITests.swift in Sources */ = {isa = PBXBuildFile; fileRef = 661F2FB12C084A2B004D12DB /* ConstructionEagleEyeUITests.swift */; };
		661F2FB42C084A2B004D12DB /* ConstructionEagleEyeUITestsLaunchTests.swift in Sources */ = {isa = PBXBuildFile; fileRef = 661F2FB32C084A2B004D12DB /* ConstructionEagleEyeUITestsLaunchTests.swift */; };
		661F2FC32C0FDA46004D12DB /* LoginView.swift in Sources */ = {isa = PBXBuildFile; fileRef = 661F2FC22C0FDA46004D12DB /* LoginView.swift */; };
		661F2FC52C116203004D12DB /* UserModel.swift in Sources */ = {isa = PBXBuildFile; fileRef = 661F2FC42C116203004D12DB /* UserModel.swift */; };
		661F2FC72C1166D7004D12DB /* MainView.swift in Sources */ = {isa = PBXBuildFile; fileRef = 661F2FC62C1166D7004D12DB /* MainView.swift */; };
		661F2FC92C11760C004D12DB /* LoadingView.swift in Sources */ = {isa = PBXBuildFile; fileRef = 661F2FC82C11760C004D12DB /* LoadingView.swift */; };
		661F2FCB2C117FF1004D12DB /* SignUpView.swift in Sources */ = {isa = PBXBuildFile; fileRef = 661F2FCA2C117FF1004D12DB /* SignUpView.swift */; };
		661F2FDC2C118B36004D12DB /* 감탄로드바탕체 Regular.ttf in Resources */ = {isa = PBXBuildFile; fileRef = 661F2FD52C118B35004D12DB /* 감탄로드바탕체 Regular.ttf */; };
		661F2FDD2C118B36004D12DB /* 감탄로드바탕체 Regular.ttf in Resources */ = {isa = PBXBuildFile; fileRef = 661F2FD52C118B35004D12DB /* 감탄로드바탕체 Regular.ttf */; };
		661F2FDE2C118B36004D12DB /* 감탄로드바탕체 Regular.ttf in Resources */ = {isa = PBXBuildFile; fileRef = 661F2FD52C118B35004D12DB /* 감탄로드바탕체 Regular.ttf */; };
		661F2FDF2C118B36004D12DB /* 감탄로드돋움체 Thin.ttf in Resources */ = {isa = PBXBuildFile; fileRef = 661F2FD62C118B35004D12DB /* 감탄로드돋움체 Thin.ttf */; };
		661F2FE02C118B36004D12DB /* 감탄로드돋움체 Thin.ttf in Resources */ = {isa = PBXBuildFile; fileRef = 661F2FD62C118B35004D12DB /* 감탄로드돋움체 Thin.ttf */; };
		661F2FE12C118B36004D12DB /* 감탄로드돋움체 Thin.ttf in Resources */ = {isa = PBXBuildFile; fileRef = 661F2FD62C118B35004D12DB /* 감탄로드돋움체 Thin.ttf */; };
		661F2FE22C118B36004D12DB /* 감탄로드바탕체 Bold.ttf in Resources */ = {isa = PBXBuildFile; fileRef = 661F2FD72C118B35004D12DB /* 감탄로드바탕체 Bold.ttf */; };
		661F2FE32C118B36004D12DB /* 감탄로드바탕체 Bold.ttf in Resources */ = {isa = PBXBuildFile; fileRef = 661F2FD72C118B35004D12DB /* 감탄로드바탕체 Bold.ttf */; };
		661F2FE42C118B36004D12DB /* 감탄로드바탕체 Bold.ttf in Resources */ = {isa = PBXBuildFile; fileRef = 661F2FD72C118B35004D12DB /* 감탄로드바탕체 Bold.ttf */; };
		661F2FE52C118B36004D12DB /* 감탄로드바탕체 Thin.ttf in Resources */ = {isa = PBXBuildFile; fileRef = 661F2FD82C118B35004D12DB /* 감탄로드바탕체 Thin.ttf */; };
		661F2FE62C118B36004D12DB /* 감탄로드바탕체 Thin.ttf in Resources */ = {isa = PBXBuildFile; fileRef = 661F2FD82C118B35004D12DB /* 감탄로드바탕체 Thin.ttf */; };
		661F2FE72C118B36004D12DB /* 감탄로드바탕체 Thin.ttf in Resources */ = {isa = PBXBuildFile; fileRef = 661F2FD82C118B35004D12DB /* 감탄로드바탕체 Thin.ttf */; };
		661F2FE82C118B36004D12DB /* 감탄로드돋움체 Bold.ttf in Resources */ = {isa = PBXBuildFile; fileRef = 661F2FD92C118B36004D12DB /* 감탄로드돋움체 Bold.ttf */; };
		661F2FE92C118B36004D12DB /* 감탄로드돋움체 Bold.ttf in Resources */ = {isa = PBXBuildFile; fileRef = 661F2FD92C118B36004D12DB /* 감탄로드돋움체 Bold.ttf */; };
		661F2FEA2C118B36004D12DB /* 감탄로드돋움체 Bold.ttf in Resources */ = {isa = PBXBuildFile; fileRef = 661F2FD92C118B36004D12DB /* 감탄로드돋움체 Bold.ttf */; };
		661F2FEB2C118B36004D12DB /* 감탄로드탄탄체.ttf in Resources */ = {isa = PBXBuildFile; fileRef = 661F2FDA2C118B36004D12DB /* 감탄로드탄탄체.ttf */; };
		661F2FEC2C118B36004D12DB /* 감탄로드탄탄체.ttf in Resources */ = {isa = PBXBuildFile; fileRef = 661F2FDA2C118B36004D12DB /* 감탄로드탄탄체.ttf */; };
		661F2FED2C118B36004D12DB /* 감탄로드탄탄체.ttf in Resources */ = {isa = PBXBuildFile; fileRef = 661F2FDA2C118B36004D12DB /* 감탄로드탄탄체.ttf */; };
		661F2FEE2C118B36004D12DB /* 감탄로드돋움체 Regular.ttf in Resources */ = {isa = PBXBuildFile; fileRef = 661F2FDB2C118B36004D12DB /* 감탄로드돋움체 Regular.ttf */; };
		661F2FEF2C118B36004D12DB /* 감탄로드돋움체 Regular.ttf in Resources */ = {isa = PBXBuildFile; fileRef = 661F2FDB2C118B36004D12DB /* 감탄로드돋움체 Regular.ttf */; };
		661F2FF02C118B36004D12DB /* 감탄로드돋움체 Regular.ttf in Resources */ = {isa = PBXBuildFile; fileRef = 661F2FDB2C118B36004D12DB /* 감탄로드돋움체 Regular.ttf */; };
		661F2FF22C118B99004D12DB /* 감탄로드감탄체.ttf in Resources */ = {isa = PBXBuildFile; fileRef = 661F2FF12C118B99004D12DB /* 감탄로드감탄체.ttf */; };
		661F2FF32C118B99004D12DB /* 감탄로드감탄체.ttf in Resources */ = {isa = PBXBuildFile; fileRef = 661F2FF12C118B99004D12DB /* 감탄로드감탄체.ttf */; };
		661F2FF42C118B99004D12DB /* 감탄로드감탄체.ttf in Resources */ = {isa = PBXBuildFile; fileRef = 661F2FF12C118B99004D12DB /* 감탄로드감탄체.ttf */; };
		661F30042C148A73004D12DB /* Activity.swift in Sources */ = {isa = PBXBuildFile; fileRef = 661F30032C148A73004D12DB /* Activity.swift */; };
		661F30052C148A73004D12DB /* Activity.swift in Sources */ = {isa = PBXBuildFile; fileRef = 661F30032C148A73004D12DB /* Activity.swift */; };
		661F30062C148A73004D12DB /* Activity.swift in Sources */ = {isa = PBXBuildFile; fileRef = 661F30032C148A73004D12DB /* Activity.swift */; };
		661F300C2C148BB5004D12DB /* MContentView.swift in Sources */ = {isa = PBXBuildFile; fileRef = 661F300B2C148BB5004D12DB /* MContentView.swift */; };
		661F300D2C148BB5004D12DB /* MContentView.swift in Sources */ = {isa = PBXBuildFile; fileRef = 661F300B2C148BB5004D12DB /* MContentView.swift */; };
		661F300E2C148BB5004D12DB /* MContentView.swift in Sources */ = {isa = PBXBuildFile; fileRef = 661F300B2C148BB5004D12DB /* MContentView.swift */; };
		661F30102C148C1B004D12DB /* EditActivityView.swift in Sources */ = {isa = PBXBuildFile; fileRef = 661F300F2C148C1B004D12DB /* EditActivityView.swift */; };
		661F30112C148C1B004D12DB /* EditActivityView.swift in Sources */ = {isa = PBXBuildFile; fileRef = 661F300F2C148C1B004D12DB /* EditActivityView.swift */; };
		661F30122C148C1B004D12DB /* EditActivityView.swift in Sources */ = {isa = PBXBuildFile; fileRef = 661F300F2C148C1B004D12DB /* EditActivityView.swift */; };
		661F30142C148C39004D12DB /* Project.swift in Sources */ = {isa = PBXBuildFile; fileRef = 661F30132C148C39004D12DB /* Project.swift */; };
		661F30152C148C39004D12DB /* Project.swift in Sources */ = {isa = PBXBuildFile; fileRef = 661F30132C148C39004D12DB /* Project.swift */; };
		661F30162C148C39004D12DB /* Project.swift in Sources */ = {isa = PBXBuildFile; fileRef = 661F30132C148C39004D12DB /* Project.swift */; };
		661F30182C148C5F004D12DB /* ProjectView.swift in Sources */ = {isa = PBXBuildFile; fileRef = 661F30172C148C5F004D12DB /* ProjectView.swift */; };
		661F30192C148C5F004D12DB /* ProjectView.swift in Sources */ = {isa = PBXBuildFile; fileRef = 661F30172C148C5F004D12DB /* ProjectView.swift */; };
		661F301A2C148C5F004D12DB /* ProjectView.swift in Sources */ = {isa = PBXBuildFile; fileRef = 661F30172C148C5F004D12DB /* ProjectView.swift */; };
		661F301C2C148C8A004D12DB /* Schedule.swift in Sources */ = {isa = PBXBuildFile; fileRef = 661F301B2C148C8A004D12DB /* Schedule.swift */; };
		661F301D2C148C8A004D12DB /* Schedule.swift in Sources */ = {isa = PBXBuildFile; fileRef = 661F301B2C148C8A004D12DB /* Schedule.swift */; };
		661F301E2C148C8A004D12DB /* Schedule.swift in Sources */ = {isa = PBXBuildFile; fileRef = 661F301B2C148C8A004D12DB /* Schedule.swift */; };
		661F30202C14B0C3004D12DB /* PersistentContainer.swift in Sources */ = {isa = PBXBuildFile; fileRef = 661F301F2C14B0C3004D12DB /* PersistentContainer.swift */; };
		661F30212C14B0C3004D12DB /* PersistentContainer.swift in Sources */ = {isa = PBXBuildFile; fileRef = 661F301F2C14B0C3004D12DB /* PersistentContainer.swift */; };
		661F30222C14B0C3004D12DB /* PersistentContainer.swift in Sources */ = {isa = PBXBuildFile; fileRef = 661F301F2C14B0C3004D12DB /* PersistentContainer.swift */; };
		661F30412C1C0499004D12DB /* ManagerView.swift in Sources */ = {isa = PBXBuildFile; fileRef = 661F30402C1C0499004D12DB /* ManagerView.swift */; };
		661F30422C1C0499004D12DB /* ManagerView.swift in Sources */ = {isa = PBXBuildFile; fileRef = 661F30402C1C0499004D12DB /* ManagerView.swift */; };
		661F30432C1C0499004D12DB /* ManagerView.swift in Sources */ = {isa = PBXBuildFile; fileRef = 661F30402C1C0499004D12DB /* ManagerView.swift */; };
		661F304A2C1C2A55004D12DB /* WorkerView.swift in Sources */ = {isa = PBXBuildFile; fileRef = 661F30492C1C2A55004D12DB /* WorkerView.swift */; };
		661F304B2C1C2A55004D12DB /* WorkerView.swift in Sources */ = {isa = PBXBuildFile; fileRef = 661F30492C1C2A55004D12DB /* WorkerView.swift */; };
		661F304C2C1C2A55004D12DB /* WorkerView.swift in Sources */ = {isa = PBXBuildFile; fileRef = 661F30492C1C2A55004D12DB /* WorkerView.swift */; };
		661F30522C1C3B08004D12DB /* SafetyChecklistView.swift in Sources */ = {isa = PBXBuildFile; fileRef = 661F30512C1C3B08004D12DB /* SafetyChecklistView.swift */; };
		661F30532C1C3B08004D12DB /* SafetyChecklistView.swift in Sources */ = {isa = PBXBuildFile; fileRef = 661F30512C1C3B08004D12DB /* SafetyChecklistView.swift */; };
		661F30542C1C3B08004D12DB /* SafetyChecklistView.swift in Sources */ = {isa = PBXBuildFile; fileRef = 661F30512C1C3B08004D12DB /* SafetyChecklistView.swift */; };
		661F30562C1C79B8004D12DB /* ImageViewModel.swift in Sources */ = {isa = PBXBuildFile; fileRef = 661F30552C1C79B8004D12DB /* ImageViewModel.swift */; };
		661F30572C1C79B8004D12DB /* ImageViewModel.swift in Sources */ = {isa = PBXBuildFile; fileRef = 661F30552C1C79B8004D12DB /* ImageViewModel.swift */; };
		661F30582C1C79B8004D12DB /* ImageViewModel.swift in Sources */ = {isa = PBXBuildFile; fileRef = 661F30552C1C79B8004D12DB /* ImageViewModel.swift */; };
		661F305E2C1C89CB004D12DB /* AttendanceManager.swift in Sources */ = {isa = PBXBuildFile; fileRef = 661F305D2C1C89CB004D12DB /* AttendanceManager.swift */; };
		661F305F2C1C89CB004D12DB /* AttendanceManager.swift in Sources */ = {isa = PBXBuildFile; fileRef = 661F305D2C1C89CB004D12DB /* AttendanceManager.swift */; };
		661F30602C1C89CB004D12DB /* AttendanceManager.swift in Sources */ = {isa = PBXBuildFile; fileRef = 661F305D2C1C89CB004D12DB /* AttendanceManager.swift */; };
		661F30622C1C8A17004D12DB /* LocationCheckView.swift in Sources */ = {isa = PBXBuildFile; fileRef = 661F30612C1C8A17004D12DB /* LocationCheckView.swift */; };
		661F30632C1C8A17004D12DB /* LocationCheckView.swift in Sources */ = {isa = PBXBuildFile; fileRef = 661F30612C1C8A17004D12DB /* LocationCheckView.swift */; };
		661F30642C1C8A17004D12DB /* LocationCheckView.swift in Sources */ = {isa = PBXBuildFile; fileRef = 661F30612C1C8A17004D12DB /* LocationCheckView.swift */; };
		661F30662C1C8A86004D12DB /* NoticeBoardView.swift in Sources */ = {isa = PBXBuildFile; fileRef = 661F30652C1C8A86004D12DB /* NoticeBoardView.swift */; };
		661F30672C1C8A86004D12DB /* NoticeBoardView.swift in Sources */ = {isa = PBXBuildFile; fileRef = 661F30652C1C8A86004D12DB /* NoticeBoardView.swift */; };
		661F30682C1C8A86004D12DB /* NoticeBoardView.swift in Sources */ = {isa = PBXBuildFile; fileRef = 661F30652C1C8A86004D12DB /* NoticeBoardView.swift */; };
		661F306B2C1CA2C6004D12DB /* NPVCalculatorView.swift in Sources */ = {isa = PBXBuildFile; fileRef = 661F306A2C1CA2C6004D12DB /* NPVCalculatorView.swift */; };
		661F306C2C1CA2C6004D12DB /* NPVCalculatorView.swift in Sources */ = {isa = PBXBuildFile; fileRef = 661F306A2C1CA2C6004D12DB /* NPVCalculatorView.swift */; };
		661F306D2C1CA2C6004D12DB /* NPVCalculatorView.swift in Sources */ = {isa = PBXBuildFile; fileRef = 661F306A2C1CA2C6004D12DB /* NPVCalculatorView.swift */; };
		661F306F2C1CB4A9004D12DB /* Resnet50.mlmodel in Sources */ = {isa = PBXBuildFile; fileRef = 661F306E2C1CB4A9004D12DB /* Resnet50.mlmodel */; };
		661F30702C1CB4A9004D12DB /* Resnet50.mlmodel in Sources */ = {isa = PBXBuildFile; fileRef = 661F306E2C1CB4A9004D12DB /* Resnet50.mlmodel */; };
		661F30712C1CB4A9004D12DB /* Resnet50.mlmodel in Sources */ = {isa = PBXBuildFile; fileRef = 661F306E2C1CB4A9004D12DB /* Resnet50.mlmodel */; };
		661F30732C1D6435004D12DB /* ImagePicker.swift in Sources */ = {isa = PBXBuildFile; fileRef = 661F30722C1D6435004D12DB /* ImagePicker.swift */; };
		661F30742C1D6435004D12DB /* ImagePicker.swift in Sources */ = {isa = PBXBuildFile; fileRef = 661F30722C1D6435004D12DB /* ImagePicker.swift */; };
		661F30752C1D6435004D12DB /* ImagePicker.swift in Sources */ = {isa = PBXBuildFile; fileRef = 661F30722C1D6435004D12DB /* ImagePicker.swift */; };
/* End PBXBuildFile section */

/* Begin PBXContainerItemProxy section */
		661F2FA42C084A2B004D12DB /* PBXContainerItemProxy */ = {
			isa = PBXContainerItemProxy;
			containerPortal = 661F2F8B2C084A28004D12DB /* Project object */;
			proxyType = 1;
			remoteGlobalIDString = 661F2F922C084A28004D12DB;
			remoteInfo = ConstructionEagleEye;
		};
		661F2FAE2C084A2B004D12DB /* PBXContainerItemProxy */ = {
			isa = PBXContainerItemProxy;
			containerPortal = 661F2F8B2C084A28004D12DB /* Project object */;
			proxyType = 1;
			remoteGlobalIDString = 661F2F922C084A28004D12DB;
			remoteInfo = ConstructionEagleEye;
		};
/* End PBXContainerItemProxy section */

/* Begin PBXFileReference section */
		661F2F932C084A28004D12DB /* ConstructionEagleEye.app */ = {isa = PBXFileReference; explicitFileType = wrapper.application; includeInIndex = 0; path = ConstructionEagleEye.app; sourceTree = BUILT_PRODUCTS_DIR; };
		661F2F962C084A28004D12DB /* ConstructionEagleEyeApp.swift */ = {isa = PBXFileReference; lastKnownFileType = sourcecode.swift; path = ConstructionEagleEyeApp.swift; sourceTree = "<group>"; };
		661F2F982C084A28004D12DB /* ContentView.swift */ = {isa = PBXFileReference; lastKnownFileType = sourcecode.swift; path = ContentView.swift; sourceTree = "<group>"; };
		661F2F9A2C084A2B004D12DB /* Assets.xcassets */ = {isa = PBXFileReference; lastKnownFileType = folder.assetcatalog; path = Assets.xcassets; sourceTree = "<group>"; };
		661F2F9D2C084A2B004D12DB /* Preview Assets.xcassets */ = {isa = PBXFileReference; lastKnownFileType = folder.assetcatalog; path = "Preview Assets.xcassets"; sourceTree = "<group>"; };
		661F2FA32C084A2B004D12DB /* ConstructionEagleEyeTests.xctest */ = {isa = PBXFileReference; explicitFileType = wrapper.cfbundle; includeInIndex = 0; path = ConstructionEagleEyeTests.xctest; sourceTree = BUILT_PRODUCTS_DIR; };
		661F2FA72C084A2B004D12DB /* ConstructionEagleEyeTests.swift */ = {isa = PBXFileReference; lastKnownFileType = sourcecode.swift; path = ConstructionEagleEyeTests.swift; sourceTree = "<group>"; };
		661F2FAD2C084A2B004D12DB /* ConstructionEagleEyeUITests.xctest */ = {isa = PBXFileReference; explicitFileType = wrapper.cfbundle; includeInIndex = 0; path = ConstructionEagleEyeUITests.xctest; sourceTree = BUILT_PRODUCTS_DIR; };
		661F2FB12C084A2B004D12DB /* ConstructionEagleEyeUITests.swift */ = {isa = PBXFileReference; lastKnownFileType = sourcecode.swift; path = ConstructionEagleEyeUITests.swift; sourceTree = "<group>"; };
		661F2FB32C084A2B004D12DB /* ConstructionEagleEyeUITestsLaunchTests.swift */ = {isa = PBXFileReference; lastKnownFileType = sourcecode.swift; path = ConstructionEagleEyeUITestsLaunchTests.swift; sourceTree = "<group>"; };
		661F2FC22C0FDA46004D12DB /* LoginView.swift */ = {isa = PBXFileReference; lastKnownFileType = sourcecode.swift; path = LoginView.swift; sourceTree = "<group>"; };
		661F2FC42C116203004D12DB /* UserModel.swift */ = {isa = PBXFileReference; lastKnownFileType = sourcecode.swift; path = UserModel.swift; sourceTree = "<group>"; };
		661F2FC62C1166D7004D12DB /* MainView.swift */ = {isa = PBXFileReference; lastKnownFileType = sourcecode.swift; path = MainView.swift; sourceTree = "<group>"; };
		661F2FC82C11760C004D12DB /* LoadingView.swift */ = {isa = PBXFileReference; lastKnownFileType = sourcecode.swift; path = LoadingView.swift; sourceTree = "<group>"; };
		661F2FCA2C117FF1004D12DB /* SignUpView.swift */ = {isa = PBXFileReference; lastKnownFileType = sourcecode.swift; path = SignUpView.swift; sourceTree = "<group>"; };
		661F2FD52C118B35004D12DB /* 감탄로드바탕체 Regular.ttf */ = {isa = PBXFileReference; lastKnownFileType = file; path = "감탄로드바탕체 Regular.ttf"; sourceTree = "<group>"; };
		661F2FD62C118B35004D12DB /* 감탄로드돋움체 Thin.ttf */ = {isa = PBXFileReference; lastKnownFileType = file; path = "감탄로드돋움체 Thin.ttf"; sourceTree = "<group>"; };
		661F2FD72C118B35004D12DB /* 감탄로드바탕체 Bold.ttf */ = {isa = PBXFileReference; lastKnownFileType = file; path = "감탄로드바탕체 Bold.ttf"; sourceTree = "<group>"; };
		661F2FD82C118B35004D12DB /* 감탄로드바탕체 Thin.ttf */ = {isa = PBXFileReference; lastKnownFileType = file; path = "감탄로드바탕체 Thin.ttf"; sourceTree = "<group>"; };
		661F2FD92C118B36004D12DB /* 감탄로드돋움체 Bold.ttf */ = {isa = PBXFileReference; lastKnownFileType = file; path = "감탄로드돋움체 Bold.ttf"; sourceTree = "<group>"; };
		661F2FDA2C118B36004D12DB /* 감탄로드탄탄체.ttf */ = {isa = PBXFileReference; lastKnownFileType = file; path = "감탄로드탄탄체.ttf"; sourceTree = "<group>"; };
		661F2FDB2C118B36004D12DB /* 감탄로드돋움체 Regular.ttf */ = {isa = PBXFileReference; lastKnownFileType = file; path = "감탄로드돋움체 Regular.ttf"; sourceTree = "<group>"; };
		661F2FF12C118B99004D12DB /* 감탄로드감탄체.ttf */ = {isa = PBXFileReference; lastKnownFileType = file; path = "감탄로드감탄체.ttf"; sourceTree = "<group>"; };
		661F2FF52C1192BD004D12DB /* Info.plist */ = {isa = PBXFileReference; lastKnownFileType = text.plist; path = Info.plist; sourceTree = "<group>"; };
		661F30032C148A73004D12DB /* Activity.swift */ = {isa = PBXFileReference; lastKnownFileType = sourcecode.swift; path = Activity.swift; sourceTree = "<group>"; };
		661F300B2C148BB5004D12DB /* MContentView.swift */ = {isa = PBXFileReference; lastKnownFileType = sourcecode.swift; path = MContentView.swift; sourceTree = "<group>"; };
		661F300F2C148C1B004D12DB /* EditActivityView.swift */ = {isa = PBXFileReference; lastKnownFileType = sourcecode.swift; path = EditActivityView.swift; sourceTree = "<group>"; };
		661F30132C148C39004D12DB /* Project.swift */ = {isa = PBXFileReference; lastKnownFileType = sourcecode.swift; path = Project.swift; sourceTree = "<group>"; };
		661F30172C148C5F004D12DB /* ProjectView.swift */ = {isa = PBXFileReference; lastKnownFileType = sourcecode.swift; path = ProjectView.swift; sourceTree = "<group>"; };
		661F301B2C148C8A004D12DB /* Schedule.swift */ = {isa = PBXFileReference; lastKnownFileType = sourcecode.swift; path = Schedule.swift; sourceTree = "<group>"; };
		661F301F2C14B0C3004D12DB /* PersistentContainer.swift */ = {isa = PBXFileReference; lastKnownFileType = sourcecode.swift; path = PersistentContainer.swift; sourceTree = "<group>"; };
		661F30402C1C0499004D12DB /* ManagerView.swift */ = {isa = PBXFileReference; lastKnownFileType = sourcecode.swift; path = ManagerView.swift; sourceTree = "<group>"; };
		661F30492C1C2A55004D12DB /* WorkerView.swift */ = {isa = PBXFileReference; lastKnownFileType = sourcecode.swift; path = WorkerView.swift; sourceTree = "<group>"; };
		661F30512C1C3B08004D12DB /* SafetyChecklistView.swift */ = {isa = PBXFileReference; lastKnownFileType = sourcecode.swift; path = SafetyChecklistView.swift; sourceTree = "<group>"; };
		661F30552C1C79B8004D12DB /* ImageViewModel.swift */ = {isa = PBXFileReference; lastKnownFileType = sourcecode.swift; path = ImageViewModel.swift; sourceTree = "<group>"; };
		661F305D2C1C89CB004D12DB /* AttendanceManager.swift */ = {isa = PBXFileReference; lastKnownFileType = sourcecode.swift; path = AttendanceManager.swift; sourceTree = "<group>"; };
		661F30612C1C8A17004D12DB /* LocationCheckView.swift */ = {isa = PBXFileReference; lastKnownFileType = sourcecode.swift; path = LocationCheckView.swift; sourceTree = "<group>"; };
		661F30652C1C8A86004D12DB /* NoticeBoardView.swift */ = {isa = PBXFileReference; lastKnownFileType = sourcecode.swift; path = NoticeBoardView.swift; sourceTree = "<group>"; };
		661F306A2C1CA2C6004D12DB /* NPVCalculatorView.swift */ = {isa = PBXFileReference; lastKnownFileType = sourcecode.swift; path = NPVCalculatorView.swift; sourceTree = "<group>"; };
		661F306E2C1CB4A9004D12DB /* Resnet50.mlmodel */ = {isa = PBXFileReference; lastKnownFileType = file.mlmodel; path = Resnet50.mlmodel; sourceTree = "<group>"; };
		661F30722C1D6435004D12DB /* ImagePicker.swift */ = {isa = PBXFileReference; lastKnownFileType = sourcecode.swift; path = ImagePicker.swift; sourceTree = "<group>"; };
/* End PBXFileReference section */

/* Begin PBXFrameworksBuildPhase section */
		661F2F902C084A28004D12DB /* Frameworks */ = {
			isa = PBXFrameworksBuildPhase;
			buildActionMask = 2147483647;
			files = (
			);
			runOnlyForDeploymentPostprocessing = 0;
		};
		661F2FA02C084A2B004D12DB /* Frameworks */ = {
			isa = PBXFrameworksBuildPhase;
			buildActionMask = 2147483647;
			files = (
			);
			runOnlyForDeploymentPostprocessing = 0;
		};
		661F2FAA2C084A2B004D12DB /* Frameworks */ = {
			isa = PBXFrameworksBuildPhase;
			buildActionMask = 2147483647;
			files = (
			);
			runOnlyForDeploymentPostprocessing = 0;
		};
/* End PBXFrameworksBuildPhase section */

/* Begin PBXGroup section */
		661F2F8A2C084A28004D12DB = {
			isa = PBXGroup;
			children = (
				661F2F952C084A28004D12DB /* ConstructionEagleEye */,
				661F2FA62C084A2B004D12DB /* ConstructionEagleEyeTests */,
				661F2FB02C084A2B004D12DB /* ConstructionEagleEyeUITests */,
				661F2F942C084A28004D12DB /* Products */,
			);
			sourceTree = "<group>";
		};
		661F2F942C084A28004D12DB /* Products */ = {
			isa = PBXGroup;
			children = (
				661F2F932C084A28004D12DB /* ConstructionEagleEye.app */,
				661F2FA32C084A2B004D12DB /* ConstructionEagleEyeTests.xctest */,
				661F2FAD2C084A2B004D12DB /* ConstructionEagleEyeUITests.xctest */,
			);
			name = Products;
			sourceTree = "<group>";
		};
		661F2F952C084A28004D12DB /* ConstructionEagleEye */ = {
			isa = PBXGroup;
			children = (
				661F2FF52C1192BD004D12DB /* Info.plist */,
				661F2F962C084A28004D12DB /* ConstructionEagleEyeApp.swift */,
				661F2FC82C11760C004D12DB /* LoadingView.swift */,
				661F2FC22C0FDA46004D12DB /* LoginView.swift */,
				661F2FCA2C117FF1004D12DB /* SignUpView.swift */,
				661F2F982C084A28004D12DB /* ContentView.swift */,
				661F2FC42C116203004D12DB /* UserModel.swift */,
				661F2FC62C1166D7004D12DB /* MainView.swift */,
				661F30442C1C261E004D12DB /* Worker */,
				661F30022C148A57004D12DB /* Manager */,
				661F2F9A2C084A2B004D12DB /* Assets.xcassets */,
				661F2FCC2C1189D3004D12DB /* Font */,
				661F2F9C2C084A2B004D12DB /* Preview Content */,
			);
			path = ConstructionEagleEye;
			sourceTree = "<group>";
		};
		661F2F9C2C084A2B004D12DB /* Preview Content */ = {
			isa = PBXGroup;
			children = (
				661F306E2C1CB4A9004D12DB /* Resnet50.mlmodel */,
				661F2F9D2C084A2B004D12DB /* Preview Assets.xcassets */,
			);
			path = "Preview Content";
			sourceTree = "<group>";
		};
		661F2FA62C084A2B004D12DB /* ConstructionEagleEyeTests */ = {
			isa = PBXGroup;
			children = (
				661F2FA72C084A2B004D12DB /* ConstructionEagleEyeTests.swift */,
			);
			path = ConstructionEagleEyeTests;
			sourceTree = "<group>";
		};
		661F2FB02C084A2B004D12DB /* ConstructionEagleEyeUITests */ = {
			isa = PBXGroup;
			children = (
				661F2FB12C084A2B004D12DB /* ConstructionEagleEyeUITests.swift */,
				661F2FB32C084A2B004D12DB /* ConstructionEagleEyeUITestsLaunchTests.swift */,
			);
			path = ConstructionEagleEyeUITests;
			sourceTree = "<group>";
		};
		661F2FCC2C1189D3004D12DB /* Font */ = {
			isa = PBXGroup;
			children = (
				661F2FD92C118B36004D12DB /* 감탄로드돋움체 Bold.ttf */,
				661F2FDB2C118B36004D12DB /* 감탄로드돋움체 Regular.ttf */,
				661F2FD62C118B35004D12DB /* 감탄로드돋움체 Thin.ttf */,
				661F2FD72C118B35004D12DB /* 감탄로드바탕체 Bold.ttf */,
				661F2FD52C118B35004D12DB /* 감탄로드바탕체 Regular.ttf */,
				661F2FF12C118B99004D12DB /* 감탄로드감탄체.ttf */,
				661F2FD82C118B35004D12DB /* 감탄로드바탕체 Thin.ttf */,
				661F2FDA2C118B36004D12DB /* 감탄로드탄탄체.ttf */,
			);
			path = Font;
			sourceTree = "<group>";
		};
		661F30022C148A57004D12DB /* Manager */ = {
			isa = PBXGroup;
			children = (
				661F30402C1C0499004D12DB /* ManagerView.swift */,
				661F30692C1CA299004D12DB /* NPVCalculation */,
				661F303F2C1A9016004D12DB /* CPM_calculation */,
			);
			path = Manager;
			sourceTree = "<group>";
		};
		661F303F2C1A9016004D12DB /* CPM_calculation */ = {
			isa = PBXGroup;
			children = (
				661F300B2C148BB5004D12DB /* MContentView.swift */,
				661F30032C148A73004D12DB /* Activity.swift */,
				661F300F2C148C1B004D12DB /* EditActivityView.swift */,
				661F301B2C148C8A004D12DB /* Schedule.swift */,
				661F30172C148C5F004D12DB /* ProjectView.swift */,
				661F30132C148C39004D12DB /* Project.swift */,
				661F301F2C14B0C3004D12DB /* PersistentContainer.swift */,
			);
			path = CPM_calculation;
			sourceTree = "<group>";
		};
		661F30442C1C261E004D12DB /* Worker */ = {
			isa = PBXGroup;
			children = (
				661F30492C1C2A55004D12DB /* WorkerView.swift */,
				661F30612C1C8A17004D12DB /* LocationCheckView.swift */,
				661F305D2C1C89CB004D12DB /* AttendanceManager.swift */,
				661F30512C1C3B08004D12DB /* SafetyChecklistView.swift */,
				661F30722C1D6435004D12DB /* ImagePicker.swift */,
				661F30552C1C79B8004D12DB /* ImageViewModel.swift */,
				661F30652C1C8A86004D12DB /* NoticeBoardView.swift */,
			);
			path = Worker;
			sourceTree = "<group>";
		};
		661F30692C1CA299004D12DB /* NPVCalculation */ = {
			isa = PBXGroup;
			children = (
				661F306A2C1CA2C6004D12DB /* NPVCalculatorView.swift */,
			);
			path = NPVCalculation;
			sourceTree = "<group>";
		};
/* End PBXGroup section */

/* Begin PBXNativeTarget section */
		661F2F922C084A28004D12DB /* ConstructionEagleEye */ = {
			isa = PBXNativeTarget;
			buildConfigurationList = 661F2FB72C084A2B004D12DB /* Build configuration list for PBXNativeTarget "ConstructionEagleEye" */;
			buildPhases = (
				661F2F8F2C084A28004D12DB /* Sources */,
				661F2F902C084A28004D12DB /* Frameworks */,
				661F2F912C084A28004D12DB /* Resources */,
			);
			buildRules = (
			);
			dependencies = (
			);
			name = ConstructionEagleEye;
			productName = ConstructionEagleEye;
			productReference = 661F2F932C084A28004D12DB /* ConstructionEagleEye.app */;
			productType = "com.apple.product-type.application";
		};
		661F2FA22C084A2B004D12DB /* ConstructionEagleEyeTests */ = {
			isa = PBXNativeTarget;
			buildConfigurationList = 661F2FBA2C084A2B004D12DB /* Build configuration list for PBXNativeTarget "ConstructionEagleEyeTests" */;
			buildPhases = (
				661F2F9F2C084A2B004D12DB /* Sources */,
				661F2FA02C084A2B004D12DB /* Frameworks */,
				661F2FA12C084A2B004D12DB /* Resources */,
			);
			buildRules = (
			);
			dependencies = (
				661F2FA52C084A2B004D12DB /* PBXTargetDependency */,
			);
			name = ConstructionEagleEyeTests;
			productName = ConstructionEagleEyeTests;
			productReference = 661F2FA32C084A2B004D12DB /* ConstructionEagleEyeTests.xctest */;
			productType = "com.apple.product-type.bundle.unit-test";
		};
		661F2FAC2C084A2B004D12DB /* ConstructionEagleEyeUITests */ = {
			isa = PBXNativeTarget;
			buildConfigurationList = 661F2FBD2C084A2B004D12DB /* Build configuration list for PBXNativeTarget "ConstructionEagleEyeUITests" */;
			buildPhases = (
				661F2FA92C084A2B004D12DB /* Sources */,
				661F2FAA2C084A2B004D12DB /* Frameworks */,
				661F2FAB2C084A2B004D12DB /* Resources */,
			);
			buildRules = (
			);
			dependencies = (
				661F2FAF2C084A2B004D12DB /* PBXTargetDependency */,
			);
			name = ConstructionEagleEyeUITests;
			productName = ConstructionEagleEyeUITests;
			productReference = 661F2FAD2C084A2B004D12DB /* ConstructionEagleEyeUITests.xctest */;
			productType = "com.apple.product-type.bundle.ui-testing";
		};
/* End PBXNativeTarget section */

/* Begin PBXProject section */
		661F2F8B2C084A28004D12DB /* Project object */ = {
			isa = PBXProject;
			attributes = {
				BuildIndependentTargetsInParallel = 1;
				LastSwiftUpdateCheck = 1530;
				LastUpgradeCheck = 1530;
				TargetAttributes = {
					661F2F922C084A28004D12DB = {
						CreatedOnToolsVersion = 15.3;
					};
					661F2FA22C084A2B004D12DB = {
						CreatedOnToolsVersion = 15.3;
						TestTargetID = 661F2F922C084A28004D12DB;
					};
					661F2FAC2C084A2B004D12DB = {
						CreatedOnToolsVersion = 15.3;
						TestTargetID = 661F2F922C084A28004D12DB;
					};
				};
			};
			buildConfigurationList = 661F2F8E2C084A28004D12DB /* Build configuration list for PBXProject "ConstructionEagleEye" */;
			compatibilityVersion = "Xcode 14.0";
			developmentRegion = en;
			hasScannedForEncodings = 0;
			knownRegions = (
				en,
				Base,
			);
			mainGroup = 661F2F8A2C084A28004D12DB;
			productRefGroup = 661F2F942C084A28004D12DB /* Products */;
			projectDirPath = "";
			projectRoot = "";
			targets = (
				661F2F922C084A28004D12DB /* ConstructionEagleEye */,
				661F2FA22C084A2B004D12DB /* ConstructionEagleEyeTests */,
				661F2FAC2C084A2B004D12DB /* ConstructionEagleEyeUITests */,
			);
		};
/* End PBXProject section */

/* Begin PBXResourcesBuildPhase section */
		661F2F912C084A28004D12DB /* Resources */ = {
			isa = PBXResourcesBuildPhase;
			buildActionMask = 2147483647;
			files = (
				661F2FF22C118B99004D12DB /* 감탄로드감탄체.ttf in Resources */,
				661F2FE52C118B36004D12DB /* 감탄로드바탕체 Thin.ttf in Resources */,
				661F2FE82C118B36004D12DB /* 감탄로드돋움체 Bold.ttf in Resources */,
				661F2FEE2C118B36004D12DB /* 감탄로드돋움체 Regular.ttf in Resources */,
				661F2FE22C118B36004D12DB /* 감탄로드바탕체 Bold.ttf in Resources */,
				661F2FDF2C118B36004D12DB /* 감탄로드돋움체 Thin.ttf in Resources */,
				661F2F9E2C084A2B004D12DB /* Preview Assets.xcassets in Resources */,
				661F2FDC2C118B36004D12DB /* 감탄로드바탕체 Regular.ttf in Resources */,
				661F2FEB2C118B36004D12DB /* 감탄로드탄탄체.ttf in Resources */,
				661F2F9B2C084A2B004D12DB /* Assets.xcassets in Resources */,
			);
			runOnlyForDeploymentPostprocessing = 0;
		};
		661F2FA12C084A2B004D12DB /* Resources */ = {
			isa = PBXResourcesBuildPhase;
			buildActionMask = 2147483647;
			files = (
				661F2FEC2C118B36004D12DB /* 감탄로드탄탄체.ttf in Resources */,
				661F2FE02C118B36004D12DB /* 감탄로드돋움체 Thin.ttf in Resources */,
				661F2FF32C118B99004D12DB /* 감탄로드감탄체.ttf in Resources */,
				661F2FDD2C118B36004D12DB /* 감탄로드바탕체 Regular.ttf in Resources */,
				661F2FE62C118B36004D12DB /* 감탄로드바탕체 Thin.ttf in Resources */,
				661F2FE92C118B36004D12DB /* 감탄로드돋움체 Bold.ttf in Resources */,
				661F2FE32C118B36004D12DB /* 감탄로드바탕체 Bold.ttf in Resources */,
				661F2FEF2C118B36004D12DB /* 감탄로드돋움체 Regular.ttf in Resources */,
			);
			runOnlyForDeploymentPostprocessing = 0;
		};
		661F2FAB2C084A2B004D12DB /* Resources */ = {
			isa = PBXResourcesBuildPhase;
			buildActionMask = 2147483647;
			files = (
				661F2FED2C118B36004D12DB /* 감탄로드탄탄체.ttf in Resources */,
				661F2FE12C118B36004D12DB /* 감탄로드돋움체 Thin.ttf in Resources */,
				661F2FF42C118B99004D12DB /* 감탄로드감탄체.ttf in Resources */,
				661F2FDE2C118B36004D12DB /* 감탄로드바탕체 Regular.ttf in Resources */,
				661F2FE72C118B36004D12DB /* 감탄로드바탕체 Thin.ttf in Resources */,
				661F2FEA2C118B36004D12DB /* 감탄로드돋움체 Bold.ttf in Resources */,
				661F2FE42C118B36004D12DB /* 감탄로드바탕체 Bold.ttf in Resources */,
				661F2FF02C118B36004D12DB /* 감탄로드돋움체 Regular.ttf in Resources */,
			);
			runOnlyForDeploymentPostprocessing = 0;
		};
/* End PBXResourcesBuildPhase section */

/* Begin PBXSourcesBuildPhase section */
		661F2F8F2C084A28004D12DB /* Sources */ = {
			isa = PBXSourcesBuildPhase;
			buildActionMask = 2147483647;
			files = (
				661F30102C148C1B004D12DB /* EditActivityView.swift in Sources */,
				661F2F992C084A28004D12DB /* ContentView.swift in Sources */,
				661F2FC32C0FDA46004D12DB /* LoginView.swift in Sources */,
				661F2FC52C116203004D12DB /* UserModel.swift in Sources */,
				661F305E2C1C89CB004D12DB /* AttendanceManager.swift in Sources */,
				661F30202C14B0C3004D12DB /* PersistentContainer.swift in Sources */,
				661F30412C1C0499004D12DB /* ManagerView.swift in Sources */,
				661F30562C1C79B8004D12DB /* ImageViewModel.swift in Sources */,
				661F2FCB2C117FF1004D12DB /* SignUpView.swift in Sources */,
				661F306F2C1CB4A9004D12DB /* Resnet50.mlmodel in Sources */,
				661F30042C148A73004D12DB /* Activity.swift in Sources */,
				661F300C2C148BB5004D12DB /* MContentView.swift in Sources */,
				661F2FC72C1166D7004D12DB /* MainView.swift in Sources */,
				661F30622C1C8A17004D12DB /* LocationCheckView.swift in Sources */,
				661F2F972C084A28004D12DB /* ConstructionEagleEyeApp.swift in Sources */,
				661F306B2C1CA2C6004D12DB /* NPVCalculatorView.swift in Sources */,
				661F2FC92C11760C004D12DB /* LoadingView.swift in Sources */,
				661F30142C148C39004D12DB /* Project.swift in Sources */,
				661F304A2C1C2A55004D12DB /* WorkerView.swift in Sources */,
				661F301C2C148C8A004D12DB /* Schedule.swift in Sources */,
				661F30662C1C8A86004D12DB /* NoticeBoardView.swift in Sources */,
				661F30732C1D6435004D12DB /* ImagePicker.swift in Sources */,
				661F30522C1C3B08004D12DB /* SafetyChecklistView.swift in Sources */,
				661F30182C148C5F004D12DB /* ProjectView.swift in Sources */,
			);
			runOnlyForDeploymentPostprocessing = 0;
		};
		661F2F9F2C084A2B004D12DB /* Sources */ = {
			isa = PBXSourcesBuildPhase;
			buildActionMask = 2147483647;
			files = (
				661F30572C1C79B8004D12DB /* ImageViewModel.swift in Sources */,
				661F30212C14B0C3004D12DB /* PersistentContainer.swift in Sources */,
				661F305F2C1C89CB004D12DB /* AttendanceManager.swift in Sources */,
				661F30742C1D6435004D12DB /* ImagePicker.swift in Sources */,
				661F304B2C1C2A55004D12DB /* WorkerView.swift in Sources */,
				661F30052C148A73004D12DB /* Activity.swift in Sources */,
				661F30532C1C3B08004D12DB /* SafetyChecklistView.swift in Sources */,
				661F30112C148C1B004D12DB /* EditActivityView.swift in Sources */,
				661F30632C1C8A17004D12DB /* LocationCheckView.swift in Sources */,
				661F30702C1CB4A9004D12DB /* Resnet50.mlmodel in Sources */,
				661F2FA82C084A2B004D12DB /* ConstructionEagleEyeTests.swift in Sources */,
				661F306C2C1CA2C6004D12DB /* NPVCalculatorView.swift in Sources */,
				661F300D2C148BB5004D12DB /* MContentView.swift in Sources */,
				661F30192C148C5F004D12DB /* ProjectView.swift in Sources */,
				661F301D2C148C8A004D12DB /* Schedule.swift in Sources */,
				661F30672C1C8A86004D12DB /* NoticeBoardView.swift in Sources */,
				661F30152C148C39004D12DB /* Project.swift in Sources */,
				661F30422C1C0499004D12DB /* ManagerView.swift in Sources */,
			);
			runOnlyForDeploymentPostprocessing = 0;
		};
		661F2FA92C084A2B004D12DB /* Sources */ = {
			isa = PBXSourcesBuildPhase;
			buildActionMask = 2147483647;
			files = (
				661F30432C1C0499004D12DB /* ManagerView.swift in Sources */,
				661F2FB42C084A2B004D12DB /* ConstructionEagleEyeUITestsLaunchTests.swift in Sources */,
				661F300E2C148BB5004D12DB /* MContentView.swift in Sources */,
				661F301E2C148C8A004D12DB /* Schedule.swift in Sources */,
				661F30062C148A73004D12DB /* Activity.swift in Sources */,
				661F2FB22C084A2B004D12DB /* ConstructionEagleEyeUITests.swift in Sources */,
				661F30582C1C79B8004D12DB /* ImageViewModel.swift in Sources */,
				661F30752C1D6435004D12DB /* ImagePicker.swift in Sources */,
				661F30162C148C39004D12DB /* Project.swift in Sources */,
				661F301A2C148C5F004D12DB /* ProjectView.swift in Sources */,
				661F304C2C1C2A55004D12DB /* WorkerView.swift in Sources */,
				661F30712C1CB4A9004D12DB /* Resnet50.mlmodel in Sources */,
				661F30642C1C8A17004D12DB /* LocationCheckView.swift in Sources */,
				661F30542C1C3B08004D12DB /* SafetyChecklistView.swift in Sources */,
				661F30122C148C1B004D12DB /* EditActivityView.swift in Sources */,
				661F30222C14B0C3004D12DB /* PersistentContainer.swift in Sources */,
				661F306D2C1CA2C6004D12DB /* NPVCalculatorView.swift in Sources */,
				661F30602C1C89CB004D12DB /* AttendanceManager.swift in Sources */,
				661F30682C1C8A86004D12DB /* NoticeBoardView.swift in Sources */,
			);
			runOnlyForDeploymentPostprocessing = 0;
		};
/* End PBXSourcesBuildPhase section */

/* Begin PBXTargetDependency section */
		661F2FA52C084A2B004D12DB /* PBXTargetDependency */ = {
			isa = PBXTargetDependency;
			target = 661F2F922C084A28004D12DB /* ConstructionEagleEye */;
			targetProxy = 661F2FA42C084A2B004D12DB /* PBXContainerItemProxy */;
		};
		661F2FAF2C084A2B004D12DB /* PBXTargetDependency */ = {
			isa = PBXTargetDependency;
			target = 661F2F922C084A28004D12DB /* ConstructionEagleEye */;
			targetProxy = 661F2FAE2C084A2B004D12DB /* PBXContainerItemProxy */;
		};
/* End PBXTargetDependency section */

/* Begin XCBuildConfiguration section */
		661F2FB52C084A2B004D12DB /* Debug */ = {
			isa = XCBuildConfiguration;
			buildSettings = {
				ALWAYS_SEARCH_USER_PATHS = NO;
				ASSETCATALOG_COMPILER_GENERATE_SWIFT_ASSET_SYMBOL_EXTENSIONS = YES;
				CLANG_ANALYZER_NONNULL = YES;
				CLANG_ANALYZER_NUMBER_OBJECT_CONVERSION = YES_AGGRESSIVE;
				CLANG_CXX_LANGUAGE_STANDARD = "gnu++20";
				CLANG_ENABLE_MODULES = YES;
				CLANG_ENABLE_OBJC_ARC = YES;
				CLANG_ENABLE_OBJC_WEAK = YES;
				CLANG_WARN_BLOCK_CAPTURE_AUTORELEASING = YES;
				CLANG_WARN_BOOL_CONVERSION = YES;
				CLANG_WARN_COMMA = YES;
				CLANG_WARN_CONSTANT_CONVERSION = YES;
				CLANG_WARN_DEPRECATED_OBJC_IMPLEMENTATIONS = YES;
				CLANG_WARN_DIRECT_OBJC_ISA_USAGE = YES_ERROR;
				CLANG_WARN_DOCUMENTATION_COMMENTS = YES;
				CLANG_WARN_EMPTY_BODY = YES;
				CLANG_WARN_ENUM_CONVERSION = YES;
				CLANG_WARN_INFINITE_RECURSION = YES;
				CLANG_WARN_INT_CONVERSION = YES;
				CLANG_WARN_NON_LITERAL_NULL_CONVERSION = YES;
				CLANG_WARN_OBJC_IMPLICIT_RETAIN_SELF = YES;
				CLANG_WARN_OBJC_LITERAL_CONVERSION = YES;
				CLANG_WARN_OBJC_ROOT_CLASS = YES_ERROR;
				CLANG_WARN_QUOTED_INCLUDE_IN_FRAMEWORK_HEADER = YES;
				CLANG_WARN_RANGE_LOOP_ANALYSIS = YES;
				CLANG_WARN_STRICT_PROTOTYPES = YES;
				CLANG_WARN_SUSPICIOUS_MOVE = YES;
				CLANG_WARN_UNGUARDED_AVAILABILITY = YES_AGGRESSIVE;
				CLANG_WARN_UNREACHABLE_CODE = YES;
				CLANG_WARN__DUPLICATE_METHOD_MATCH = YES;
				COPY_PHASE_STRIP = NO;
				DEBUG_INFORMATION_FORMAT = dwarf;
				ENABLE_STRICT_OBJC_MSGSEND = YES;
				ENABLE_TESTABILITY = YES;
				ENABLE_USER_SCRIPT_SANDBOXING = YES;
				GCC_C_LANGUAGE_STANDARD = gnu17;
				GCC_DYNAMIC_NO_PIC = NO;
				GCC_NO_COMMON_BLOCKS = YES;
				GCC_OPTIMIZATION_LEVEL = 0;
				GCC_PREPROCESSOR_DEFINITIONS = (
					"DEBUG=1",
					"$(inherited)",
				);
				GCC_WARN_64_TO_32_BIT_CONVERSION = YES;
				GCC_WARN_ABOUT_RETURN_TYPE = YES_ERROR;
				GCC_WARN_UNDECLARED_SELECTOR = YES;
				GCC_WARN_UNINITIALIZED_AUTOS = YES_AGGRESSIVE;
				GCC_WARN_UNUSED_FUNCTION = YES;
				GCC_WARN_UNUSED_VARIABLE = YES;
				IPHONEOS_DEPLOYMENT_TARGET = 17.4;
				LOCALIZATION_PREFERS_STRING_CATALOGS = YES;
				MTL_ENABLE_DEBUG_INFO = INCLUDE_SOURCE;
				MTL_FAST_MATH = YES;
				ONLY_ACTIVE_ARCH = YES;
				SDKROOT = iphoneos;
				SWIFT_ACTIVE_COMPILATION_CONDITIONS = "DEBUG $(inherited)";
				SWIFT_OPTIMIZATION_LEVEL = "-Onone";
			};
			name = Debug;
		};
		661F2FB62C084A2B004D12DB /* Release */ = {
			isa = XCBuildConfiguration;
			buildSettings = {
				ALWAYS_SEARCH_USER_PATHS = NO;
				ASSETCATALOG_COMPILER_GENERATE_SWIFT_ASSET_SYMBOL_EXTENSIONS = YES;
				CLANG_ANALYZER_NONNULL = YES;
				CLANG_ANALYZER_NUMBER_OBJECT_CONVERSION = YES_AGGRESSIVE;
				CLANG_CXX_LANGUAGE_STANDARD = "gnu++20";
				CLANG_ENABLE_MODULES = YES;
				CLANG_ENABLE_OBJC_ARC = YES;
				CLANG_ENABLE_OBJC_WEAK = YES;
				CLANG_WARN_BLOCK_CAPTURE_AUTORELEASING = YES;
				CLANG_WARN_BOOL_CONVERSION = YES;
				CLANG_WARN_COMMA = YES;
				CLANG_WARN_CONSTANT_CONVERSION = YES;
				CLANG_WARN_DEPRECATED_OBJC_IMPLEMENTATIONS = YES;
				CLANG_WARN_DIRECT_OBJC_ISA_USAGE = YES_ERROR;
				CLANG_WARN_DOCUMENTATION_COMMENTS = YES;
				CLANG_WARN_EMPTY_BODY = YES;
				CLANG_WARN_ENUM_CONVERSION = YES;
				CLANG_WARN_INFINITE_RECURSION = YES;
				CLANG_WARN_INT_CONVERSION = YES;
				CLANG_WARN_NON_LITERAL_NULL_CONVERSION = YES;
				CLANG_WARN_OBJC_IMPLICIT_RETAIN_SELF = YES;
				CLANG_WARN_OBJC_LITERAL_CONVERSION = YES;
				CLANG_WARN_OBJC_ROOT_CLASS = YES_ERROR;
				CLANG_WARN_QUOTED_INCLUDE_IN_FRAMEWORK_HEADER = YES;
				CLANG_WARN_RANGE_LOOP_ANALYSIS = YES;
				CLANG_WARN_STRICT_PROTOTYPES = YES;
				CLANG_WARN_SUSPICIOUS_MOVE = YES;
				CLANG_WARN_UNGUARDED_AVAILABILITY = YES_AGGRESSIVE;
				CLANG_WARN_UNREACHABLE_CODE = YES;
				CLANG_WARN__DUPLICATE_METHOD_MATCH = YES;
				COPY_PHASE_STRIP = NO;
				DEBUG_INFORMATION_FORMAT = "dwarf-with-dsym";
				ENABLE_NS_ASSERTIONS = NO;
				ENABLE_STRICT_OBJC_MSGSEND = YES;
				ENABLE_USER_SCRIPT_SANDBOXING = YES;
				GCC_C_LANGUAGE_STANDARD = gnu17;
				GCC_NO_COMMON_BLOCKS = YES;
				GCC_WARN_64_TO_32_BIT_CONVERSION = YES;
				GCC_WARN_ABOUT_RETURN_TYPE = YES_ERROR;
				GCC_WARN_UNDECLARED_SELECTOR = YES;
				GCC_WARN_UNINITIALIZED_AUTOS = YES_AGGRESSIVE;
				GCC_WARN_UNUSED_FUNCTION = YES;
				GCC_WARN_UNUSED_VARIABLE = YES;
				IPHONEOS_DEPLOYMENT_TARGET = 17.4;
				LOCALIZATION_PREFERS_STRING_CATALOGS = YES;
				MTL_ENABLE_DEBUG_INFO = NO;
				MTL_FAST_MATH = YES;
				SDKROOT = iphoneos;
				SWIFT_COMPILATION_MODE = wholemodule;
				VALIDATE_PRODUCT = YES;
			};
			name = Release;
		};
		661F2FB82C084A2B004D12DB /* Debug */ = {
			isa = XCBuildConfiguration;
			buildSettings = {
				ASSETCATALOG_COMPILER_APPICON_NAME = AppIcon;
				ASSETCATALOG_COMPILER_GLOBAL_ACCENT_COLOR_NAME = AccentColor;
				CODE_SIGN_STYLE = Automatic;
				CURRENT_PROJECT_VERSION = 1;
				DEVELOPMENT_ASSET_PATHS = "\"ConstructionEagleEye/Preview Content\"";
				ENABLE_PREVIEWS = YES;
				GENERATE_INFOPLIST_FILE = YES;
				INFOPLIST_FILE = ConstructionEagleEye/Info.plist;
				INFOPLIST_KEY_UIApplicationSceneManifest_Generation = YES;
				INFOPLIST_KEY_UIApplicationSupportsIndirectInputEvents = YES;
				INFOPLIST_KEY_UILaunchScreen_Generation = YES;
				INFOPLIST_KEY_UISupportedInterfaceOrientations_iPad = "UIInterfaceOrientationPortrait UIInterfaceOrientationPortraitUpsideDown UIInterfaceOrientationLandscapeLeft UIInterfaceOrientationLandscapeRight";
				INFOPLIST_KEY_UISupportedInterfaceOrientations_iPhone = "UIInterfaceOrientationPortrait UIInterfaceOrientationLandscapeLeft UIInterfaceOrientationLandscapeRight";
				LD_RUNPATH_SEARCH_PATHS = (
					"$(inherited)",
					"@executable_path/Frameworks",
				);
				MARKETING_VERSION = 1.0;
				PRODUCT_BUNDLE_IDENTIFIER = HYUNAHKO.ConstructionEagleEye;
				PRODUCT_NAME = "$(TARGET_NAME)";
				SWIFT_EMIT_LOC_STRINGS = YES;
				SWIFT_VERSION = 5.0;
				TARGETED_DEVICE_FAMILY = "1,2";
			};
			name = Debug;
		};
		661F2FB92C084A2B004D12DB /* Release */ = {
			isa = XCBuildConfiguration;
			buildSettings = {
				ASSETCATALOG_COMPILER_APPICON_NAME = AppIcon;
				ASSETCATALOG_COMPILER_GLOBAL_ACCENT_COLOR_NAME = AccentColor;
				CODE_SIGN_STYLE = Automatic;
				CURRENT_PROJECT_VERSION = 1;
				DEVELOPMENT_ASSET_PATHS = "\"ConstructionEagleEye/Preview Content\"";
				ENABLE_PREVIEWS = YES;
				GENERATE_INFOPLIST_FILE = YES;
				INFOPLIST_FILE = ConstructionEagleEye/Info.plist;
				INFOPLIST_KEY_UIApplicationSceneManifest_Generation = YES;
				INFOPLIST_KEY_UIApplicationSupportsIndirectInputEvents = YES;
				INFOPLIST_KEY_UILaunchScreen_Generation = YES;
				INFOPLIST_KEY_UISupportedInterfaceOrientations_iPad = "UIInterfaceOrientationPortrait UIInterfaceOrientationPortraitUpsideDown UIInterfaceOrientationLandscapeLeft UIInterfaceOrientationLandscapeRight";
				INFOPLIST_KEY_UISupportedInterfaceOrientations_iPhone = "UIInterfaceOrientationPortrait UIInterfaceOrientationLandscapeLeft UIInterfaceOrientationLandscapeRight";
				LD_RUNPATH_SEARCH_PATHS = (
					"$(inherited)",
					"@executable_path/Frameworks",
				);
				MARKETING_VERSION = 1.0;
				PRODUCT_BUNDLE_IDENTIFIER = HYUNAHKO.ConstructionEagleEye;
				PRODUCT_NAME = "$(TARGET_NAME)";
				SWIFT_EMIT_LOC_STRINGS = YES;
				SWIFT_VERSION = 5.0;
				TARGETED_DEVICE_FAMILY = "1,2";
			};
			name = Release;
		};
		661F2FBB2C084A2B004D12DB /* Debug */ = {
			isa = XCBuildConfiguration;
			buildSettings = {
				ALWAYS_EMBED_SWIFT_STANDARD_LIBRARIES = YES;
				BUNDLE_LOADER = "$(TEST_HOST)";
				CODE_SIGN_STYLE = Automatic;
				CURRENT_PROJECT_VERSION = 1;
				GENERATE_INFOPLIST_FILE = YES;
				IPHONEOS_DEPLOYMENT_TARGET = 17.4;
				MARKETING_VERSION = 1.0;
				PRODUCT_BUNDLE_IDENTIFIER = HYUNAHKO.ConstructionEagleEyeTests;
				PRODUCT_NAME = "$(TARGET_NAME)";
				SWIFT_EMIT_LOC_STRINGS = NO;
				SWIFT_VERSION = 5.0;
				TARGETED_DEVICE_FAMILY = "1,2";
				TEST_HOST = "$(BUILT_PRODUCTS_DIR)/ConstructionEagleEye.app/$(BUNDLE_EXECUTABLE_FOLDER_PATH)/ConstructionEagleEye";
			};
			name = Debug;
		};
		661F2FBC2C084A2B004D12DB /* Release */ = {
			isa = XCBuildConfiguration;
			buildSettings = {
				ALWAYS_EMBED_SWIFT_STANDARD_LIBRARIES = YES;
				BUNDLE_LOADER = "$(TEST_HOST)";
				CODE_SIGN_STYLE = Automatic;
				CURRENT_PROJECT_VERSION = 1;
				GENERATE_INFOPLIST_FILE = YES;
				IPHONEOS_DEPLOYMENT_TARGET = 17.4;
				MARKETING_VERSION = 1.0;
				PRODUCT_BUNDLE_IDENTIFIER = HYUNAHKO.ConstructionEagleEyeTests;
				PRODUCT_NAME = "$(TARGET_NAME)";
				SWIFT_EMIT_LOC_STRINGS = NO;
				SWIFT_VERSION = 5.0;
				TARGETED_DEVICE_FAMILY = "1,2";
				TEST_HOST = "$(BUILT_PRODUCTS_DIR)/ConstructionEagleEye.app/$(BUNDLE_EXECUTABLE_FOLDER_PATH)/ConstructionEagleEye";
			};
			name = Release;
		};
		661F2FBE2C084A2B004D12DB /* Debug */ = {
			isa = XCBuildConfiguration;
			buildSettings = {
				ALWAYS_EMBED_SWIFT_STANDARD_LIBRARIES = YES;
				CODE_SIGN_STYLE = Automatic;
				CURRENT_PROJECT_VERSION = 1;
				GENERATE_INFOPLIST_FILE = YES;
				MARKETING_VERSION = 1.0;
				PRODUCT_BUNDLE_IDENTIFIER = HYUNAHKO.ConstructionEagleEyeUITests;
				PRODUCT_NAME = "$(TARGET_NAME)";
				SWIFT_EMIT_LOC_STRINGS = NO;
				SWIFT_VERSION = 5.0;
				TARGETED_DEVICE_FAMILY = "1,2";
				TEST_TARGET_NAME = ConstructionEagleEye;
			};
			name = Debug;
		};
		661F2FBF2C084A2B004D12DB /* Release */ = {
			isa = XCBuildConfiguration;
			buildSettings = {
				ALWAYS_EMBED_SWIFT_STANDARD_LIBRARIES = YES;
				CODE_SIGN_STYLE = Automatic;
				CURRENT_PROJECT_VERSION = 1;
				GENERATE_INFOPLIST_FILE = YES;
				MARKETING_VERSION = 1.0;
				PRODUCT_BUNDLE_IDENTIFIER = HYUNAHKO.ConstructionEagleEyeUITests;
				PRODUCT_NAME = "$(TARGET_NAME)";
				SWIFT_EMIT_LOC_STRINGS = NO;
				SWIFT_VERSION = 5.0;
				TARGETED_DEVICE_FAMILY = "1,2";
				TEST_TARGET_NAME = ConstructionEagleEye;
			};
			name = Release;
		};
/* End XCBuildConfiguration section */

/* Begin XCConfigurationList section */
		661F2F8E2C084A28004D12DB /* Build configuration list for PBXProject "ConstructionEagleEye" */ = {
			isa = XCConfigurationList;
			buildConfigurations = (
				661F2FB52C084A2B004D12DB /* Debug */,
				661F2FB62C084A2B004D12DB /* Release */,
			);
			defaultConfigurationIsVisible = 0;
			defaultConfigurationName = Release;
		};
		661F2FB72C084A2B004D12DB /* Build configuration list for PBXNativeTarget "ConstructionEagleEye" */ = {
			isa = XCConfigurationList;
			buildConfigurations = (
				661F2FB82C084A2B004D12DB /* Debug */,
				661F2FB92C084A2B004D12DB /* Release */,
			);
			defaultConfigurationIsVisible = 0;
			defaultConfigurationName = Release;
		};
		661F2FBA2C084A2B004D12DB /* Build configuration list for PBXNativeTarget "ConstructionEagleEyeTests" */ = {
			isa = XCConfigurationList;
			buildConfigurations = (
				661F2FBB2C084A2B004D12DB /* Debug */,
				661F2FBC2C084A2B004D12DB /* Release */,
			);
			defaultConfigurationIsVisible = 0;
			defaultConfigurationName = Release;
		};
		661F2FBD2C084A2B004D12DB /* Build configuration list for PBXNativeTarget "ConstructionEagleEyeUITests" */ = {
			isa = XCConfigurationList;
			buildConfigurations = (
				661F2FBE2C084A2B004D12DB /* Debug */,
				661F2FBF2C084A2B004D12DB /* Release */,
			);
			defaultConfigurationIsVisible = 0;
			defaultConfigurationName = Release;
		};
/* End XCConfigurationList section */
	};
	rootObject = 661F2F8B2C084A28004D12DB /* Project object */;
}
